
Microsoft Visual Studio Solution File, Format Version 12.00
# Visual Studio 15
Project("{FAE04EC0-301F-11D3-BF4B-00C04F79EFBC}") = "PokemonAR", "PokemonAR.csproj", "{9996DF93-E5FC-7F03-0530-860A30ED8BA2}"
EndProject
Project("{FAE04EC0-301F-11D3-BF4B-00C04F79EFBC}") = "PokemonAR.Editor", "PokemonAR.Editor.csproj", "{299488CF-B63A-1CAE-F897-3EE427E09F6C}"
EndProject
Global
	GlobalSection(SolutionConfigurationPlatforms) = preSolution
		Debug|Any CPU = Debug|Any CPU
		Release|Any CPU = Release|Any CPU
	EndGlobalSection
	GlobalSection(ProjectConfigurationPlatforms) = postSolution
		{9996DF93-E5FC-7F03-0530-860A30ED8BA2}.Debug|Any CPU.ActiveCfg = Debug|Any CPU
		{9996DF93-E5FC-7F03-0530-860A30ED8BA2}.Debug|Any CPU.Build.0 = Debug|Any CPU
		{9996DF93-E5FC-7F03-0530-860A30ED8BA2}.Release|Any CPU.ActiveCfg = Release|Any CPU
		{9996DF93-E5FC-7F03-0530-860A30ED8BA2}.Release|Any CPU.Build.0 = Release|Any CPU
		{299488CF-B63A-1CAE-F897-3EE427E09F6C}.Debug|Any CPU.ActiveCfg = Debug|Any CPU
		{299488CF-B63A-1CAE-F897-3EE427E09F6C}.Debug|Any CPU.Build.0 = Debug|Any CPU
		{299488CF-B63A-1CAE-F897-3EE427E09F6C}.Release|Any CPU.ActiveCfg = Release|Any CPU
		{299488CF-B63A-1CAE-F897-3EE427E09F6C}.Release|Any CPU.Build.0 = Release|Any CPU
	EndGlobalSection
	GlobalSection(SolutionProperties) = preSolution
		HideSolutionNode = FALSE
	EndGlobalSection
EndGlobal
